
Microsoft Visual Studio Solution File, Format Version 12.00
# Visual Studio Version 17
VisualStudioVersion = 17.2.32616.157
MinimumVisualStudioVersion = 10.0.40219.1
Project("{FAE04EC0-301F-11D3-BF4B-00C04F79EFBC}") = "ScanbotSDK.Example.UWP", "ScanbotSDK.Example.UWP\ScanbotSDK.Example.UWP.csproj", "{16CED54F-F113-4079-A1E3-8C986E3FEE63}"
EndProject
Project("{FAE04EC0-301F-11D3-BF4B-00C04F79EFBC}") = "ScanbotSDK.Example.WinForms", "ScanbotSDK.Example.WinForms\ScanbotSDK.Example.WinForms.csproj", "{8F0BDACE-44D5-4D21-A811-A7D79629DF86}"
EndProject
Project("{FAE04EC0-301F-11D3-BF4B-00C04F79EFBC}") = "ScanbotSDK.Example.WPF", "ScanbotSDK.Example.WPF\ScanbotSDK.Example.WPF.csproj", "{68582A41-032F-4EC8-961B-2D38005C6035}"
EndProject
Project("{FAE04EC0-301F-11D3-BF4B-00C04F79EFBC}") = "ScanbotSDK.Example.WinUI3", "ScanbotSDK.Example.WinUI3\ScanbotSDK.Example.WinUI3.csproj", "{31F497BA-F6C4-4216-9818-39B6AC6A3346}"
EndProject
Project("{C7167F0D-BC9F-4E6E-AFE1-012C56B48DB5}") = "ScanbotSDK.Example.WinForms.Package", "ScanbotSDK.Example.WinForms\Package\ScanbotSDK.Example.WinForms.Package.wapproj", "{59DF1EAE-86DC-4328-BFB8-0F5C3D5DE838}"
EndProject
Project("{C7167F0D-BC9F-4E6E-AFE1-012C56B48DB5}") = "ScanbotSDK.Example.WPF.Package", "ScanbotSDK.Example.WPF\Package\ScanbotSDK.Example.WPF.Package.wapproj", "{33C49D7D-1243-4540-9C84-5DDC5E7DD082}"
EndProject
Project("{2150E333-8FDC-42A3-9474-1A3956D46DE8}") = "WinForms", "WinForms", "{73229024-2057-4AE7-B64B-0E2B09433F38}"
EndProject
Project("{2150E333-8FDC-42A3-9474-1A3956D46DE8}") = "WPF", "WPF", "{D9ED8407-83F3-4E16-B804-E64EE70C0E85}"
EndProject
Project("{2150E333-8FDC-42A3-9474-1A3956D46DE8}") = "WinUI", "WinUI", "{3AB67E9C-F35F-4331-8AF9-F7F9CE9BDB6A}"
EndProject
Global
	GlobalSection(SolutionConfigurationPlatforms) = preSolution
		Debug|Any CPU = Debug|Any CPU
		Debug|ARM = Debug|ARM
		Debug|ARM64 = Debug|ARM64
		Debug|x64 = Debug|x64
		Debug|x86 = Debug|x86
		Release|Any CPU = Release|Any CPU
		Release|ARM = Release|ARM
		Release|ARM64 = Release|ARM64
		Release|x64 = Release|x64
		Release|x86 = Release|x86
	EndGlobalSection
	GlobalSection(ProjectConfigurationPlatforms) = postSolution
		{16CED54F-F113-4079-A1E3-8C986E3FEE63}.Debug|Any CPU.ActiveCfg = Debug|x64
		{16CED54F-F113-4079-A1E3-8C986E3FEE63}.Debug|Any CPU.Build.0 = Debug|x64
		{16CED54F-F113-4079-A1E3-8C986E3FEE63}.Debug|Any CPU.Deploy.0 = Debug|x64
		{16CED54F-F113-4079-A1E3-8C986E3FEE63}.Debug|ARM.ActiveCfg = Debug|ARM
		{16CED54F-F113-4079-A1E3-8C986E3FEE63}.Debug|ARM.Build.0 = Debug|ARM
		{16CED54F-F113-4079-A1E3-8C986E3FEE63}.Debug|ARM.Deploy.0 = Debug|ARM
		{16CED54F-F113-4079-A1E3-8C986E3FEE63}.Debug|ARM64.ActiveCfg = Debug|ARM64
		{16CED54F-F113-4079-A1E3-8C986E3FEE63}.Debug|ARM64.Build.0 = Debug|ARM64
		{16CED54F-F113-4079-A1E3-8C986E3FEE63}.Debug|ARM64.Deploy.0 = Debug|ARM64
		{16CED54F-F113-4079-A1E3-8C986E3FEE63}.Debug|x64.ActiveCfg = Debug|x64
		{16CED54F-F113-4079-A1E3-8C986E3FEE63}.Debug|x64.Build.0 = Debug|x64
		{16CED54F-F113-4079-A1E3-8C986E3FEE63}.Debug|x64.Deploy.0 = Debug|x64
		{16CED54F-F113-4079-A1E3-8C986E3FEE63}.Debug|x86.ActiveCfg = Debug|x86
		{16CED54F-F113-4079-A1E3-8C986E3FEE63}.Debug|x86.Build.0 = Debug|x86
		{16CED54F-F113-4079-A1E3-8C986E3FEE63}.Debug|x86.Deploy.0 = Debug|x86
		{16CED54F-F113-4079-A1E3-8C986E3FEE63}.Release|Any CPU.ActiveCfg = Release|x64
		{16CED54F-F113-4079-A1E3-8C986E3FEE63}.Release|Any CPU.Build.0 = Release|x64
		{16CED54F-F113-4079-A1E3-8C986E3FEE63}.Release|Any CPU.Deploy.0 = Release|x64
		{16CED54F-F113-4079-A1E3-8C986E3FEE63}.Release|ARM.ActiveCfg = Release|ARM
		{16CED54F-F113-4079-A1E3-8C986E3FEE63}.Release|ARM.Build.0 = Release|ARM
		{16CED54F-F113-4079-A1E3-8C986E3FEE63}.Release|ARM.Deploy.0 = Release|ARM
		{16CED54F-F113-4079-A1E3-8C986E3FEE63}.Release|ARM64.ActiveCfg = Release|ARM64
		{16CED54F-F113-4079-A1E3-8C986E3FEE63}.Release|ARM64.Build.0 = Release|ARM64
		{16CED54F-F113-4079-A1E3-8C986E3FEE63}.Release|ARM64.Deploy.0 = Release|ARM64
		{16CED54F-F113-4079-A1E3-8C986E3FEE63}.Release|x64.ActiveCfg = Release|x64
		{16CED54F-F113-4079-A1E3-8C986E3FEE63}.Release|x64.Build.0 = Release|x64
		{16CED54F-F113-4079-A1E3-8C986E3FEE63}.Release|x64.Deploy.0 = Release|x64
		{16CED54F-F113-4079-A1E3-8C986E3FEE63}.Release|x86.ActiveCfg = Release|x86
		{16CED54F-F113-4079-A1E3-8C986E3FEE63}.Release|x86.Build.0 = Release|x86
		{16CED54F-F113-4079-A1E3-8C986E3FEE63}.Release|x86.Deploy.0 = Release|x86
		{8F0BDACE-44D5-4D21-A811-A7D79629DF86}.Debug|Any CPU.ActiveCfg = Debug|Any CPU
		{8F0BDACE-44D5-4D21-A811-A7D79629DF86}.Debug|Any CPU.Build.0 = Debug|Any CPU
		{8F0BDACE-44D5-4D21-A811-A7D79629DF86}.Debug|ARM.ActiveCfg = Debug|Any CPU
		{8F0BDACE-44D5-4D21-A811-A7D79629DF86}.Debug|ARM.Build.0 = Debug|Any CPU
		{8F0BDACE-44D5-4D21-A811-A7D79629DF86}.Debug|ARM64.ActiveCfg = Debug|Any CPU
		{8F0BDACE-44D5-4D21-A811-A7D79629DF86}.Debug|ARM64.Build.0 = Debug|Any CPU
		{8F0BDACE-44D5-4D21-A811-A7D79629DF86}.Debug|x64.ActiveCfg = Debug|x64
		{8F0BDACE-44D5-4D21-A811-A7D79629DF86}.Debug|x64.Build.0 = Debug|x64
		{8F0BDACE-44D5-4D21-A811-A7D79629DF86}.Debug|x86.ActiveCfg = Debug|Any CPU
		{8F0BDACE-44D5-4D21-A811-A7D79629DF86}.Debug|x86.Build.0 = Debug|Any CPU
		{8F0BDACE-44D5-4D21-A811-A7D79629DF86}.Release|Any CPU.ActiveCfg = Release|Any CPU
		{8F0BDACE-44D5-4D21-A811-A7D79629DF86}.Release|Any CPU.Build.0 = Release|Any CPU
		{8F0BDACE-44D5-4D21-A811-A7D79629DF86}.Release|ARM.ActiveCfg = Release|Any CPU
		{8F0BDACE-44D5-4D21-A811-A7D79629DF86}.Release|ARM.Build.0 = Release|Any CPU
		{8F0BDACE-44D5-4D21-A811-A7D79629DF86}.Release|ARM64.ActiveCfg = Release|Any CPU
		{8F0BDACE-44D5-4D21-A811-A7D79629DF86}.Release|ARM64.Build.0 = Release|Any CPU
		{8F0BDACE-44D5-4D21-A811-A7D79629DF86}.Release|x64.ActiveCfg = Release|Any CPU
		{8F0BDACE-44D5-4D21-A811-A7D79629DF86}.Release|x64.Build.0 = Release|Any CPU
		{8F0BDACE-44D5-4D21-A811-A7D79629DF86}.Release|x86.ActiveCfg = Release|Any CPU
		{8F0BDACE-44D5-4D21-A811-A7D79629DF86}.Release|x86.Build.0 = Release|Any CPU
		{68582A41-032F-4EC8-961B-2D38005C6035}.Debug|Any CPU.ActiveCfg = Debug|Any CPU
		{68582A41-032F-4EC8-961B-2D38005C6035}.Debug|Any CPU.Build.0 = Debug|Any CPU
		{68582A41-032F-4EC8-961B-2D38005C6035}.Debug|ARM.ActiveCfg = Debug|Any CPU
		{68582A41-032F-4EC8-961B-2D38005C6035}.Debug|ARM.Build.0 = Debug|Any CPU
		{68582A41-032F-4EC8-961B-2D38005C6035}.Debug|ARM64.ActiveCfg = Debug|Any CPU
		{68582A41-032F-4EC8-961B-2D38005C6035}.Debug|ARM64.Build.0 = Debug|Any CPU
		{68582A41-032F-4EC8-961B-2D38005C6035}.Debug|x64.ActiveCfg = Debug|x64
		{68582A41-032F-4EC8-961B-2D38005C6035}.Debug|x64.Build.0 = Debug|x64
		{68582A41-032F-4EC8-961B-2D38005C6035}.Debug|x86.ActiveCfg = Debug|Any CPU
		{68582A41-032F-4EC8-961B-2D38005C6035}.Debug|x86.Build.0 = Debug|Any CPU
		{68582A41-032F-4EC8-961B-2D38005C6035}.Release|Any CPU.ActiveCfg = Release|Any CPU
		{68582A41-032F-4EC8-961B-2D38005C6035}.Release|Any CPU.Build.0 = Release|Any CPU
		{68582A41-032F-4EC8-961B-2D38005C6035}.Release|ARM.ActiveCfg = Release|Any CPU
		{68582A41-032F-4EC8-961B-2D38005C6035}.Release|ARM.Build.0 = Release|Any CPU
		{68582A41-032F-4EC8-961B-2D38005C6035}.Release|ARM64.ActiveCfg = Release|Any CPU
		{68582A41-032F-4EC8-961B-2D38005C6035}.Release|ARM64.Build.0 = Release|Any CPU
		{68582A41-032F-4EC8-961B-2D38005C6035}.Release|x64.ActiveCfg = Release|Any CPU
		{68582A41-032F-4EC8-961B-2D38005C6035}.Release|x64.Build.0 = Release|Any CPU
		{68582A41-032F-4EC8-961B-2D38005C6035}.Release|x86.ActiveCfg = Release|Any CPU
		{68582A41-032F-4EC8-961B-2D38005C6035}.Release|x86.Build.0 = Release|Any CPU
		{31F497BA-F6C4-4216-9818-39B6AC6A3346}.Debug|Any CPU.ActiveCfg = Debug|x64
		{31F497BA-F6C4-4216-9818-39B6AC6A3346}.Debug|Any CPU.Build.0 = Debug|x64
		{31F497BA-F6C4-4216-9818-39B6AC6A3346}.Debug|Any CPU.Deploy.0 = Debug|x64
		{31F497BA-F6C4-4216-9818-39B6AC6A3346}.Debug|ARM.ActiveCfg = Debug|x64
		{31F497BA-F6C4-4216-9818-39B6AC6A3346}.Debug|ARM.Build.0 = Debug|x64
		{31F497BA-F6C4-4216-9818-39B6AC6A3346}.Debug|ARM.Deploy.0 = Debug|x64
		{31F497BA-F6C4-4216-9818-39B6AC6A3346}.Debug|ARM64.ActiveCfg = Debug|ARM64
		{31F497BA-F6C4-4216-9818-39B6AC6A3346}.Debug|ARM64.Build.0 = Debug|ARM64
		{31F497BA-F6C4-4216-9818-39B6AC6A3346}.Debug|ARM64.Deploy.0 = Debug|ARM64
		{31F497BA-F6C4-4216-9818-39B6AC6A3346}.Debug|x64.ActiveCfg = Debug|x64
		{31F497BA-F6C4-4216-9818-39B6AC6A3346}.Debug|x64.Build.0 = Debug|x64
		{31F497BA-F6C4-4216-9818-39B6AC6A3346}.Debug|x64.Deploy.0 = Debug|x64
		{31F497BA-F6C4-4216-9818-39B6AC6A3346}.Debug|x86.ActiveCfg = Debug|x86
		{31F497BA-F6C4-4216-9818-39B6AC6A3346}.Debug|x86.Build.0 = Debug|x86
		{31F497BA-F6C4-4216-9818-39B6AC6A3346}.Debug|x86.Deploy.0 = Debug|x86
		{31F497BA-F6C4-4216-9818-39B6AC6A3346}.Release|Any CPU.ActiveCfg = Release|x64
		{31F497BA-F6C4-4216-9818-39B6AC6A3346}.Release|Any CPU.Build.0 = Release|x64
		{31F497BA-F6C4-4216-9818-39B6AC6A3346}.Release|Any CPU.Deploy.0 = Release|x64
		{31F497BA-F6C4-4216-9818-39B6AC6A3346}.Release|ARM.ActiveCfg = Release|x64
		{31F497BA-F6C4-4216-9818-39B6AC6A3346}.Release|ARM.Build.0 = Release|x64
		{31F497BA-F6C4-4216-9818-39B6AC6A3346}.Release|ARM.Deploy.0 = Release|x64
		{31F497BA-F6C4-4216-9818-39B6AC6A3346}.Release|ARM64.ActiveCfg = Release|ARM64
		{31F497BA-F6C4-4216-9818-39B6AC6A3346}.Release|ARM64.Build.0 = Release|ARM64
		{31F497BA-F6C4-4216-9818-39B6AC6A3346}.Release|ARM64.Deploy.0 = Release|ARM64
		{31F497BA-F6C4-4216-9818-39B6AC6A3346}.Release|x64.ActiveCfg = Release|x64
		{31F497BA-F6C4-4216-9818-39B6AC6A3346}.Release|x64.Build.0 = Release|x64
		{31F497BA-F6C4-4216-9818-39B6AC6A3346}.Release|x64.Deploy.0 = Release|x64
		{31F497BA-F6C4-4216-9818-39B6AC6A3346}.Release|x86.ActiveCfg = Release|x86
		{31F497BA-F6C4-4216-9818-39B6AC6A3346}.Release|x86.Build.0 = Release|x86
		{31F497BA-F6C4-4216-9818-39B6AC6A3346}.Release|x86.Deploy.0 = Release|x86
		{59DF1EAE-86DC-4328-BFB8-0F5C3D5DE838}.Debug|Any CPU.ActiveCfg = Debug|Any CPU
		{59DF1EAE-86DC-4328-BFB8-0F5C3D5DE838}.Debug|Any CPU.Build.0 = Debug|Any CPU
		{59DF1EAE-86DC-4328-BFB8-0F5C3D5DE838}.Debug|Any CPU.Deploy.0 = Debug|Any CPU
		{59DF1EAE-86DC-4328-BFB8-0F5C3D5DE838}.Debug|ARM.ActiveCfg = Debug|ARM
		{59DF1EAE-86DC-4328-BFB8-0F5C3D5DE838}.Debug|ARM.Build.0 = Debug|ARM
		{59DF1EAE-86DC-4328-BFB8-0F5C3D5DE838}.Debug|ARM.Deploy.0 = Debug|ARM
		{59DF1EAE-86DC-4328-BFB8-0F5C3D5DE838}.Debug|ARM64.ActiveCfg = Debug|ARM64
		{59DF1EAE-86DC-4328-BFB8-0F5C3D5DE838}.Debug|ARM64.Build.0 = Debug|ARM64
		{59DF1EAE-86DC-4328-BFB8-0F5C3D5DE838}.Debug|ARM64.Deploy.0 = Debug|ARM64
		{59DF1EAE-86DC-4328-BFB8-0F5C3D5DE838}.Debug|x64.ActiveCfg = Debug|x64
		{59DF1EAE-86DC-4328-BFB8-0F5C3D5DE838}.Debug|x64.Build.0 = Debug|x64
		{59DF1EAE-86DC-4328-BFB8-0F5C3D5DE838}.Debug|x64.Deploy.0 = Debug|x64
		{59DF1EAE-86DC-4328-BFB8-0F5C3D5DE838}.Debug|x86.ActiveCfg = Debug|x86
		{59DF1EAE-86DC-4328-BFB8-0F5C3D5DE838}.Debug|x86.Build.0 = Debug|x86
		{59DF1EAE-86DC-4328-BFB8-0F5C3D5DE838}.Debug|x86.Deploy.0 = Debug|x86
		{59DF1EAE-86DC-4328-BFB8-0F5C3D5DE838}.Release|Any CPU.ActiveCfg = Release|Any CPU
		{59DF1EAE-86DC-4328-BFB8-0F5C3D5DE838}.Release|Any CPU.Build.0 = Release|Any CPU
		{59DF1EAE-86DC-4328-BFB8-0F5C3D5DE838}.Release|Any CPU.Deploy.0 = Release|Any CPU
		{59DF1EAE-86DC-4328-BFB8-0F5C3D5DE838}.Release|ARM.ActiveCfg = Release|ARM
		{59DF1EAE-86DC-4328-BFB8-0F5C3D5DE838}.Release|ARM.Build.0 = Release|ARM
		{59DF1EAE-86DC-4328-BFB8-0F5C3D5DE838}.Release|ARM.Deploy.0 = Release|ARM
		{59DF1EAE-86DC-4328-BFB8-0F5C3D5DE838}.Release|ARM64.ActiveCfg = Release|ARM64
		{59DF1EAE-86DC-4328-BFB8-0F5C3D5DE838}.Release|ARM64.Build.0 = Release|ARM64
		{59DF1EAE-86DC-4328-BFB8-0F5C3D5DE838}.Release|ARM64.Deploy.0 = Release|ARM64
		{59DF1EAE-86DC-4328-BFB8-0F5C3D5DE838}.Release|x64.ActiveCfg = Release|x64
		{59DF1EAE-86DC-4328-BFB8-0F5C3D5DE838}.Release|x64.Build.0 = Release|x64
		{59DF1EAE-86DC-4328-BFB8-0F5C3D5DE838}.Release|x64.Deploy.0 = Release|x64
		{59DF1EAE-86DC-4328-BFB8-0F5C3D5DE838}.Release|x86.ActiveCfg = Release|x86
		{59DF1EAE-86DC-4328-BFB8-0F5C3D5DE838}.Release|x86.Build.0 = Release|x86
		{59DF1EAE-86DC-4328-BFB8-0F5C3D5DE838}.Release|x86.Deploy.0 = Release|x86
		{33C49D7D-1243-4540-9C84-5DDC5E7DD082}.Debug|Any CPU.ActiveCfg = Debug|Any CPU
		{33C49D7D-1243-4540-9C84-5DDC5E7DD082}.Debug|Any CPU.Build.0 = Debug|Any CPU
		{33C49D7D-1243-4540-9C84-5DDC5E7DD082}.Debug|Any CPU.Deploy.0 = Debug|Any CPU
		{33C49D7D-1243-4540-9C84-5DDC5E7DD082}.Debug|ARM.ActiveCfg = Debug|ARM
		{33C49D7D-1243-4540-9C84-5DDC5E7DD082}.Debug|ARM.Build.0 = Debug|ARM
		{33C49D7D-1243-4540-9C84-5DDC5E7DD082}.Debug|ARM.Deploy.0 = Debug|ARM
		{33C49D7D-1243-4540-9C84-5DDC5E7DD082}.Debug|ARM64.ActiveCfg = Debug|ARM64
		{33C49D7D-1243-4540-9C84-5DDC5E7DD082}.Debug|ARM64.Build.0 = Debug|ARM64
		{33C49D7D-1243-4540-9C84-5DDC5E7DD082}.Debug|ARM64.Deploy.0 = Debug|ARM64
		{33C49D7D-1243-4540-9C84-5DDC5E7DD082}.Debug|x64.ActiveCfg = Debug|x64
		{33C49D7D-1243-4540-9C84-5DDC5E7DD082}.Debug|x64.Build.0 = Debug|x64
		{33C49D7D-1243-4540-9C84-5DDC5E7DD082}.Debug|x64.Deploy.0 = Debug|x64
		{33C49D7D-1243-4540-9C84-5DDC5E7DD082}.Debug|x86.ActiveCfg = Debug|x86
		{33C49D7D-1243-4540-9C84-5DDC5E7DD082}.Debug|x86.Build.0 = Debug|x86
		{33C49D7D-1243-4540-9C84-5DDC5E7DD082}.Debug|x86.Deploy.0 = Debug|x86
		{33C49D7D-1243-4540-9C84-5DDC5E7DD082}.Release|Any CPU.ActiveCfg = Release|Any CPU
		{33C49D7D-1243-4540-9C84-5DDC5E7DD082}.Release|Any CPU.Build.0 = Release|Any CPU
		{33C49D7D-1243-4540-9C84-5DDC5E7DD082}.Release|Any CPU.Deploy.0 = Release|Any CPU
		{33C49D7D-1243-4540-9C84-5DDC5E7DD082}.Release|ARM.ActiveCfg = Release|ARM
		{33C49D7D-1243-4540-9C84-5DDC5E7DD082}.Release|ARM.Build.0 = Release|ARM
		{33C49D7D-1243-4540-9C84-5DDC5E7DD082}.Release|ARM.Deploy.0 = Release|ARM
		{33C49D7D-1243-4540-9C84-5DDC5E7DD082}.Release|ARM64.ActiveCfg = Release|ARM64
		{33C49D7D-1243-4540-9C84-5DDC5E7DD082}.Release|ARM64.Build.0 = Release|ARM64
		{33C49D7D-1243-4540-9C84-5DDC5E7DD082}.Release|ARM64.Deploy.0 = Release|ARM64
		{33C49D7D-1243-4540-9C84-5DDC5E7DD082}.Release|x64.ActiveCfg = Release|x64
		{33C49D7D-1243-4540-9C84-5DDC5E7DD082}.Release|x64.Build.0 = Release|x64
		{33C49D7D-1243-4540-9C84-5DDC5E7DD082}.Release|x64.Deploy.0 = Release|x64
		{33C49D7D-1243-4540-9C84-5DDC5E7DD082}.Release|x86.ActiveCfg = Release|x86
		{33C49D7D-1243-4540-9C84-5DDC5E7DD082}.Release|x86.Build.0 = Release|x86
		{33C49D7D-1243-4540-9C84-5DDC5E7DD082}.Release|x86.Deploy.0 = Release|x86
	EndGlobalSection
	GlobalSection(SolutionProperties) = preSolution
		HideSolutionNode = FALSE
	EndGlobalSection
	GlobalSection(NestedProjects) = preSolution
		{16CED54F-F113-4079-A1E3-8C986E3FEE63} = {3AB67E9C-F35F-4331-8AF9-F7F9CE9BDB6A}
		{8F0BDACE-44D5-4D21-A811-A7D79629DF86} = {73229024-2057-4AE7-B64B-0E2B09433F38}
		{68582A41-032F-4EC8-961B-2D38005C6035} = {D9ED8407-83F3-4E16-B804-E64EE70C0E85}
		{31F497BA-F6C4-4216-9818-39B6AC6A3346} = {3AB67E9C-F35F-4331-8AF9-F7F9CE9BDB6A}
		{59DF1EAE-86DC-4328-BFB8-0F5C3D5DE838} = {73229024-2057-4AE7-B64B-0E2B09433F38}
		{33C49D7D-1243-4540-9C84-5DDC5E7DD082} = {D9ED8407-83F3-4E16-B804-E64EE70C0E85}
	EndGlobalSection
	GlobalSection(ExtensibilityGlobals) = postSolution
		SolutionGuid = {5C957F20-A8B8-465D-B89B-BC8F5268F4B3}
	EndGlobalSection
EndGlobal
